{
    "requires": true,
    "lockfileVersion": 1,
    "dependencies": {
        "vue-gallery-slideshow": {
            "version": "1.5.2",
            "resolved": "https://registry.npmjs.org/vue-gallery-slideshow/-/vue-gallery-slideshow-1.5.2.tgz",
            "integrity": "sha512-P5u+H7ZL4MMx0uwmT9A76zQdeSX/m4/HoLWmUZxf7c/N0q5hnrG20/330xw049d5GnsBq91G3JUJadZOEqAUzw==",
            "requires": {
                "vue-runtime-helpers": "^1.1.2"
            }
        },
        "vue-runtime-helpers": {
            "version": "1.1.2",
            "resolved": "https://registry.npmjs.org/vue-runtime-helpers/-/vue-runtime-helpers-1.1.2.tgz",
            "integrity": "sha512-pZfGp+PW/IXEOyETE09xQHR1CKkR9HfHZdnMD/FVLUNI+HxYTa82evx5WrF6Kz4s82qtqHvMZ8MZpbk2zT2E1Q=="
        }
    }
}
